# @generated - this file is auto-generated by `mise lock` https://mise.en.dev/dev-tools/mise-lock.html

[[tools.gitleaks]]
version = "8.30.1"
backend = "aqua:gitleaks/gitleaks"

[tools.gitleaks."platforms.linux-arm64"]
checksum = "sha256:e4a487ee7ccd7d3a7f7ec08657610aa3606637dab924210b3aee62570fb4b080"
url = "https://github.com/gitleaks/gitleaks/releases/download/v8.30.1/gitleaks_8.30.1_linux_arm64.tar.gz"

[tools.gitleaks."platforms.linux-arm64-musl"]
checksum = "sha256:e4a487ee7ccd7d3a7f7ec08657610aa3606637dab924210b3aee62570fb4b080"
url = "https://github.com/gitleaks/gitleaks/releases/download/v8.30.1/gitleaks_8.30.1_linux_arm64.tar.gz"

[tools.gitleaks."platforms.linux-x64"]
checksum = "sha256:551f6fc83ea457d62a0d98237cbad105af8d557003051f41f3e7ca7b3f2470eb"
url = "https://github.com/gitleaks/gitleaks/releases/download/v8.30.1/gitleaks_8.30.1_linux_x64.tar.gz"

[tools.gitleaks."platforms.linux-x64-musl"]
checksum = "sha256:551f6fc83ea457d62a0d98237cbad105af8d557003051f41f3e7ca7b3f2470eb"
url = "https://github.com/gitleaks/gitleaks/releases/download/v8.30.1/gitleaks_8.30.1_linux_x64.tar.gz"

[tools.gitleaks."platforms.macos-arm64"]
checksum = "sha256:b40ab0ae55c505963e365f271a8d3846efbc170aa17f2607f13df610a9aeb6a5"
url = "https://github.com/gitleaks/gitleaks/releases/download/v8.30.1/gitleaks_8.30.1_darwin_arm64.tar.gz"

[tools.gitleaks."platforms.macos-x64"]
checksum = "sha256:dfe101a4db2255fc85120ac7f3d25e4342c3c20cf749f2c20a18081af1952709"
url = "https://github.com/gitleaks/gitleaks/releases/download/v8.30.1/gitleaks_8.30.1_darwin_x64.tar.gz"

[tools.gitleaks."platforms.windows-x64"]
checksum = "sha256:d29144deff3a68aa93ced33dddf84b7fdc26070add4aa0f4513094c8332afc4e"
url = "https://github.com/gitleaks/gitleaks/releases/download/v8.30.1/gitleaks_8.30.1_windows_x64.zip"

[[tools.just]]
version = "1.58.0"
backend = "aqua:casey/just"

[tools.just."platforms.linux-arm64"]
checksum = "sha256:748237128c4c40cbdabc65e841d05ceba13cc23a91eaba395495894c1d9764df"
url = "https://github.com/casey/just/releases/download/1.58.0/just-1.58.0-aarch64-unknown-linux-musl.tar.gz"
url_api = "https://api.github.com/repos/casey/just/releases/assets/500510099"

[tools.just."platforms.linux-arm64-musl"]
checksum = "sha256:748237128c4c40cbdabc65e841d05ceba13cc23a91eaba395495894c1d9764df"
url = "https://github.com/casey/just/releases/download/1.58.0/just-1.58.0-aarch64-unknown-linux-musl.tar.gz"
url_api = "https://api.github.com/repos/casey/just/releases/assets/500510099"

[tools.just."platforms.linux-x64"]
checksum = "sha256:4a5cc2f53e6f0f8c59092a6cc38291eb729d46a7dd95d3ae582008881b84931d"
url = "https://github.com/casey/just/releases/download/1.58.0/just-1.58.0-x86_64-unknown-linux-musl.tar.gz"
url_api = "https://api.github.com/repos/casey/just/releases/assets/500509978"

[tools.just."platforms.linux-x64-musl"]
checksum = "sha256:4a5cc2f53e6f0f8c59092a6cc38291eb729d46a7dd95d3ae582008881b84931d"
url = "https://github.com/casey/just/releases/download/1.58.0/just-1.58.0-x86_64-unknown-linux-musl.tar.gz"
url_api = "https://api.github.com/repos/casey/just/releases/assets/500509978"

[tools.just."platforms.macos-arm64"]
checksum = "sha256:50ae3e996c974a0bf32ea7d10f495070df33f1b43e0616b2769e3d4821ed8f48"
url = "https://github.com/casey/just/releases/download/1.58.0/just-1.58.0-aarch64-apple-darwin.tar.gz"
url_api = "https://api.github.com/repos/casey/just/releases/assets/500509965"

[tools.just."platforms.macos-x64"]
checksum = "sha256:9a09cfef66aaa79da58203970103a0684307716caaabd3e9844cacc4dc0f4023"
url = "https://github.com/casey/just/releases/download/1.58.0/just-1.58.0-x86_64-apple-darwin.tar.gz"
url_api = "https://api.github.com/repos/casey/just/releases/assets/500510084"

[tools.just."platforms.windows-x64"]
checksum = "sha256:759f16fb7aa17c5c8b9594b6d4a8c1a6630dfd042cf2b3ff84841454d3d188dc"
url = "https://github.com/casey/just/releases/download/1.58.0/just-1.58.0-x86_64-pc-windows-msvc.zip"
url_api = "https://api.github.com/repos/casey/just/releases/assets/500511374"

[[tools.node]]
version = "24.13.0"
backend = "core:node"

[tools.node."platforms.linux-arm64"]
checksum = "sha256:0f6d40b94c6a2eb6b4c240ffc8b9fd3ada7ab044c177dd413c06e1ef9a63f081"
url = "https://nodejs.org/dist/v24.13.0/node-v24.13.0-linux-arm64.tar.gz"

[tools.node."platforms.linux-arm64-musl"]
checksum = "sha256:f8312012e07ff106a1c48ad08fc228f9434077e7f7462a2ffc6839c8e3f02935"
url = "https://unofficial-builds.nodejs.org/download/release/v24.13.0/node-v24.13.0-linux-arm64-musl.tar.gz"

[tools.node."platforms.linux-x64"]
checksum = "sha256:6223aad1a81f9d1e7b682c59d12e2de233f7b4c37475cd40d1c89c42b737ffa8"
url = "https://nodejs.org/dist/v24.13.0/node-v24.13.0-linux-x64.tar.gz"

[tools.node."platforms.linux-x64-musl"]
checksum = "sha256:e2750d9e00008d2eadcecc00e17c3060980ed26888de90a55f9873ebdcde74ac"
url = "https://unofficial-builds.nodejs.org/download/release/v24.13.0/node-v24.13.0-linux-x64-musl.tar.gz"

[tools.node."platforms.macos-arm64"]
checksum = "sha256:d595961e563fcae057d4a0fb992f175a54d97fcc4a14dc2d474d92ddeea3b9f8"
url = "https://nodejs.org/dist/v24.13.0/node-v24.13.0-darwin-arm64.tar.gz"

[tools.node."platforms.macos-x64"]
checksum = "sha256:6f03c1b48ddbe1b129a6f8038be08e0899f05f17185b4d3e4350180ab669a7f3"
url = "https://nodejs.org/dist/v24.13.0/node-v24.13.0-darwin-x64.tar.gz"

[tools.node."platforms.windows-x64"]
checksum = "sha256:ca2742695be8de44027d71b3f53a4bdb36009b95575fe1ae6f7f0b5ce091cb88"
url = "https://nodejs.org/dist/v24.13.0/node-v24.13.0-win-x64.zip"

[[tools.uv]]
version = "0.12.24"
backend = "aqua:astral-sh/uv"

[tools.uv."platforms.linux-arm64"]
checksum = "sha256:5231be65f496304623895dacdbf1de8504fec90303684bdf05805aa34414dd21"
url = "https://github.com/astral-sh/uv/releases/download/0.12.24/uv-aarch64-unknown-linux-gnu.tar.gz"
url_api = "https://api.github.com/repos/astral-sh/uv/releases/assets/622872824"
provenance = "github-attestations"

[tools.uv."platforms.linux-arm64-musl"]
checksum = "sha256:7f9ab4726d743b6a92e310477a7840c8a8a7b3938cb3c4657d541342fca75011"
url = "https://github.com/astral-sh/uv/releases/download/0.12.24/uv-aarch64-unknown-linux-musl.tar.gz"
url_api = "https://api.github.com/repos/astral-sh/uv/releases/assets/622872847"
provenance = "github-attestations"

[tools.uv."platforms.linux-x64"]
checksum = "sha256:b4dfaef47d491a7296981f8374a4595f55dbf84e8937c8ecd2983574d8bb3da6"
url = "https://github.com/astral-sh/uv/releases/download/0.12.24/uv-x86_64-unknown-linux-gnu.tar.gz"
url_api = "https://api.github.com/repos/astral-sh/uv/releases/assets/622873043"
provenance = "github-attestations"

[tools.uv."platforms.linux-x64-musl"]
checksum = "sha256:48170bd200a5430298c18f3b264485a1f3a8605f01088277daf6e37633edf0f5"
url = "https://github.com/astral-sh/uv/releases/download/0.12.24/uv-x86_64-unknown-linux-musl.tar.gz"
url_api = "https://api.github.com/repos/astral-sh/uv/releases/assets/622873060"
provenance = "github-attestations"

[tools.uv."platforms.macos-arm64"]
checksum = "sha256:0c4346de7abdb49495b393b9ec809fe387aa43e586be20fecb972216c1e71732"
url = "https://github.com/astral-sh/uv/releases/download/0.12.24/uv-aarch64-apple-darwin.tar.gz"
url_api = "https://api.github.com/repos/astral-sh/uv/releases/assets/622872807"
provenance = "github-attestations"

[tools.uv."platforms.macos-x64"]
checksum = "sha256:4fa82e37cb94767661f532b001e470b67a186c7260e305bd84ddb78fd545c0b6"
url = "https://github.com/astral-sh/uv/releases/download/0.12.24/uv-x86_64-apple-darwin.tar.gz"
url_api = "https://api.github.com/repos/astral-sh/uv/releases/assets/622873012"
provenance = "github-attestations"

[tools.uv."platforms.windows-x64"]
checksum = "sha256:7c38608c8a18ee137d748a1773053b07ec8f3a30fab49aebaa6f4e4efeceb019"
url = "https://github.com/astral-sh/uv/releases/download/0.12.24/uv-x86_64-pc-windows-msvc.zip"
url_api = "https://api.github.com/repos/astral-sh/uv/releases/assets/622873038"
provenance = "github-attestations"
